
Microsoft Visual Studio Solution File, Format Version 12.00
# Visual Studio 15
VisualStudioVersion = 15.0.28010.2003
MinimumVisualStudioVersion = 10.0.40219.1
Project("{8BC9CEB8-8B4A-11D0-8D11-00A0C91BC942}") = "ConsoleApplication1", "ConsoleApplication1\ConsoleApplication1.vcxproj", "{7172F9B5-D2D2-4059-BE36-42690568F97D}"
EndProject
Global
	GlobalSection(SolutionConfigurationPlatforms) = preSolution
		Debug|x64 = Debug|x64
		Debug|x86 = Debug|x86
		Release|x64 = Release|x64
		Release|x86 = Release|x86
	EndGlobalSection
	GlobalSection(ProjectConfigurationPlatforms) = postSolution
		{7172F9B5-D2D2-4059-BE36-42690568F97D}.Debug|x64.ActiveCfg = Debug|x64
		{7172F9B5-D2D2-4059-BE36-42690568F97D}.Debug|x64.Build.0 = Debug|x64
		{7172F9B5-D2D2-4059-BE36-42690568F97D}.Debug|x86.ActiveCfg = Debug|Win32
		{7172F9B5-D2D2-4059-BE36-42690568F97D}.Debug|x86.Build.0 = Debug|Win32
		{7172F9B5-D2D2-4059-BE36-42690568F97D}.Release|x64.ActiveCfg = Release|x64
		{7172F9B5-D2D2-4059-BE36-42690568F97D}.Release|x64.Build.0 = Release|x64
		{7172F9B5-D2D2-4059-BE36-42690568F97D}.Release|x86.ActiveCfg = Release|Win32
		{7172F9B5-D2D2-4059-BE36-42690568F97D}.Release|x86.Build.0 = Release|Win32
	EndGlobalSection
	GlobalSection(SolutionProperties) = preSolution
		HideSolutionNode = FALSE
	EndGlobalSection
	GlobalSection(ExtensibilityGlobals) = postSolution
		SolutionGuid = {AF1F9CA7-7612-4DAB-81BA-26A70810146D}
	EndGlobalSection
EndGlobal
